
Microsoft Visual Studio Solution File, Format Version 12.00
# Visual Studio Version 17
VisualStudioVersion = 17.5.33516.290
MinimumVisualStudioVersion = 10.0.40219.1
Project("{FAE04EC0-301F-11D3-BF4B-00C04F79EFBC}") = "UrunYonetim6584.Entities", "UrunYonetim6584.Entities\UrunYonetim6584.Entities.csproj", "{9D759A0A-38C7-4BE3-B19C-8878835CBFB4}"
EndProject
Project("{FAE04EC0-301F-11D3-BF4B-00C04F79EFBC}") = "UrunYonetim6584.WinFormUI", "UrunYonetim6584.WinFormUI\UrunYonetim6584.WinFormUI.csproj", "{8DC0B9B9-4EFD-4088-ADFC-247280127452}"
EndProject
Project("{FAE04EC0-301F-11D3-BF4B-00C04F79EFBC}") = "UrunYonetim6584.Data", "UrunYonetim6584.Data\UrunYonetim6584.Data.csproj", "{30578479-285F-4775-B356-1F24FE6BB72D}"
EndProject
Project("{FAE04EC0-301F-11D3-BF4B-00C04F79EFBC}") = "UrunYonetim6584.BL", "UrunYonetim6584.BL\UrunYonetim6584.BL.csproj", "{00FE5A48-28E8-4D4C-BF00-CE0DCB428CDC}"
EndProject
Project("{FAE04EC0-301F-11D3-BF4B-00C04F79EFBC}") = "UrunYonetim.WebFormUI", "UrunYonetim.WebFormUI\UrunYonetim.WebFormUI.csproj", "{8138B390-C1B4-48AC-ACBC-EF5ABA7C2AC5}"
EndProject
Global
	GlobalSection(SolutionConfigurationPlatforms) = preSolution
		Debug|Any CPU = Debug|Any CPU
		Release|Any CPU = Release|Any CPU
	EndGlobalSection
	GlobalSection(ProjectConfigurationPlatforms) = postSolution
		{9D759A0A-38C7-4BE3-B19C-8878835CBFB4}.Debug|Any CPU.ActiveCfg = Debug|Any CPU
		{9D759A0A-38C7-4BE3-B19C-8878835CBFB4}.Debug|Any CPU.Build.0 = Debug|Any CPU
		{9D759A0A-38C7-4BE3-B19C-8878835CBFB4}.Release|Any CPU.ActiveCfg = Release|Any CPU
		{9D759A0A-38C7-4BE3-B19C-8878835CBFB4}.Release|Any CPU.Build.0 = Release|Any CPU
		{8DC0B9B9-4EFD-4088-ADFC-247280127452}.Debug|Any CPU.ActiveCfg = Debug|Any CPU
		{8DC0B9B9-4EFD-4088-ADFC-247280127452}.Debug|Any CPU.Build.0 = Debug|Any CPU
		{8DC0B9B9-4EFD-4088-ADFC-247280127452}.Release|Any CPU.ActiveCfg = Release|Any CPU
		{8DC0B9B9-4EFD-4088-ADFC-247280127452}.Release|Any CPU.Build.0 = Release|Any CPU
		{30578479-285F-4775-B356-1F24FE6BB72D}.Debug|Any CPU.ActiveCfg = Debug|Any CPU
		{30578479-285F-4775-B356-1F24FE6BB72D}.Debug|Any CPU.Build.0 = Debug|Any CPU
		{30578479-285F-4775-B356-1F24FE6BB72D}.Release|Any CPU.ActiveCfg = Release|Any CPU
		{30578479-285F-4775-B356-1F24FE6BB72D}.Release|Any CPU.Build.0 = Release|Any CPU
		{00FE5A48-28E8-4D4C-BF00-CE0DCB428CDC}.Debug|Any CPU.ActiveCfg = Debug|Any CPU
		{00FE5A48-28E8-4D4C-BF00-CE0DCB428CDC}.Debug|Any CPU.Build.0 = Debug|Any CPU
		{00FE5A48-28E8-4D4C-BF00-CE0DCB428CDC}.Release|Any CPU.ActiveCfg = Release|Any CPU
		{00FE5A48-28E8-4D4C-BF00-CE0DCB428CDC}.Release|Any CPU.Build.0 = Release|Any CPU
		{8138B390-C1B4-48AC-ACBC-EF5ABA7C2AC5}.Debug|Any CPU.ActiveCfg = Debug|Any CPU
		{8138B390-C1B4-48AC-ACBC-EF5ABA7C2AC5}.Debug|Any CPU.Build.0 = Debug|Any CPU
		{8138B390-C1B4-48AC-ACBC-EF5ABA7C2AC5}.Release|Any CPU.ActiveCfg = Release|Any CPU
		{8138B390-C1B4-48AC-ACBC-EF5ABA7C2AC5}.Release|Any CPU.Build.0 = Release|Any CPU
	EndGlobalSection
	GlobalSection(SolutionProperties) = preSolution
		HideSolutionNode = FALSE
	EndGlobalSection
	GlobalSection(ExtensibilityGlobals) = postSolution
		SolutionGuid = {91E152D7-7F7C-4C0F-9441-D164BC5133B8}
	EndGlobalSection
EndGlobal
